// !$*UTF8*$!
{
	archiveVersion = 1;
	classes = {
	};
	objectVersion = 56;
	objects = {

/* Begin PBXBuildFile section */
		540B33982C4D69EE002F6F7D /* AppDelegate.swift in Sources */ = {isa = PBXBuildFile; fileRef = 540B33972C4D69EE002F6F7D /* AppDelegate.swift */; };
		540B339A2C4D69EE002F6F7D /* SceneDelegate.swift in Sources */ = {isa = PBXBuildFile; fileRef = 540B33992C4D69EE002F6F7D /* SceneDelegate.swift */; };
		540B339C2C4D69EE002F6F7D /* CalculatorVC.swift in Sources */ = {isa = PBXBuildFile; fileRef = 540B339B2C4D69EE002F6F7D /* CalculatorVC.swift */; };
		540B33A12C4D69EF002F6F7D /* Assets.xcassets in Resources */ = {isa = PBXBuildFile; fileRef = 540B33A02C4D69EF002F6F7D /* Assets.xcassets */; };
		540B33A42C4D69EF002F6F7D /* LaunchScreen.storyboard in Resources */ = {isa = PBXBuildFile; fileRef = 540B33A22C4D69EF002F6F7D /* LaunchScreen.storyboard */; };
		540B33AF2C4D69EF002F6F7D /* TipCalculatorTests.swift in Sources */ = {isa = PBXBuildFile; fileRef = 540B33AE2C4D69EF002F6F7D /* TipCalculatorTests.swift */; };
		540B33B92C4D69EF002F6F7D /* TipCalculatorUITests.swift in Sources */ = {isa = PBXBuildFile; fileRef = 540B33B82C4D69EF002F6F7D /* TipCalculatorUITests.swift */; };
		540B33BB2C4D69EF002F6F7D /* TipCalculatorUITestsLaunchTests.swift in Sources */ = {isa = PBXBuildFile; fileRef = 540B33BA2C4D69EF002F6F7D /* TipCalculatorUITestsLaunchTests.swift */; };
		540B33C92C4D705E002F6F7D /* SnapKit in Frameworks */ = {isa = PBXBuildFile; productRef = 540B33C82C4D705E002F6F7D /* SnapKit */; };
		540B33CC2C4D7155002F6F7D /* SnapshotTesting in Frameworks */ = {isa = PBXBuildFile; productRef = 540B33CB2C4D7155002F6F7D /* SnapshotTesting */; };
		540B33D02C4D7A98002F6F7D /* LogoView.swift in Sources */ = {isa = PBXBuildFile; fileRef = 540B33CF2C4D7A98002F6F7D /* LogoView.swift */; };
		540B33D22C4D7B6D002F6F7D /* ResultView.swift in Sources */ = {isa = PBXBuildFile; fileRef = 540B33D12C4D7B6D002F6F7D /* ResultView.swift */; };
		540B33D42C4D7B86002F6F7D /* BillInputView.swift in Sources */ = {isa = PBXBuildFile; fileRef = 540B33D32C4D7B86002F6F7D /* BillInputView.swift */; };
		540B33D62C4D7BAC002F6F7D /* TipInputView.swift in Sources */ = {isa = PBXBuildFile; fileRef = 540B33D52C4D7BAC002F6F7D /* TipInputView.swift */; };
		540B33D82C4D7BC1002F6F7D /* SplitInputView.swift in Sources */ = {isa = PBXBuildFile; fileRef = 540B33D72C4D7BC1002F6F7D /* SplitInputView.swift */; };
		540B33DC2C4E0DB7002F6F7D /* themeColor.swift in Sources */ = {isa = PBXBuildFile; fileRef = 540B33DB2C4E0DB7002F6F7D /* themeColor.swift */; };
		540B33DE2C4E0DBF002F6F7D /* ThemeFont.swift in Sources */ = {isa = PBXBuildFile; fileRef = 540B33DD2C4E0DBF002F6F7D /* ThemeFont.swift */; };
		540B33E12C4E0DFD002F6F7D /* UIColor+.swift in Sources */ = {isa = PBXBuildFile; fileRef = 540B33E02C4E0DFD002F6F7D /* UIColor+.swift */; };
		540B33E42C4E3052002F6F7D /* LabelFactory.swift in Sources */ = {isa = PBXBuildFile; fileRef = 540B33E32C4E3052002F6F7D /* LabelFactory.swift */; };
		540B33E62C4E4B3A002F6F7D /* UIView+.swift in Sources */ = {isa = PBXBuildFile; fileRef = 540B33E52C4E4B3A002F6F7D /* UIView+.swift */; };
		540B33E82C4E70F5002F6F7D /* AmountView.swift in Sources */ = {isa = PBXBuildFile; fileRef = 540B33E72C4E70F5002F6F7D /* AmountView.swift */; };
/* End PBXBuildFile section */

/* Begin PBXContainerItemProxy section */
		540B33AB2C4D69EF002F6F7D /* PBXContainerItemProxy */ = {
			isa = PBXContainerItemProxy;
			containerPortal = 540B338C2C4D69EE002F6F7D /* Project object */;
			proxyType = 1;
			remoteGlobalIDString = 540B33932C4D69EE002F6F7D;
			remoteInfo = TipCalculator;
		};
		540B33B52C4D69EF002F6F7D /* PBXContainerItemProxy */ = {
			isa = PBXContainerItemProxy;
			containerPortal = 540B338C2C4D69EE002F6F7D /* Project object */;
			proxyType = 1;
			remoteGlobalIDString = 540B33932C4D69EE002F6F7D;
			remoteInfo = TipCalculator;
		};
/* End PBXContainerItemProxy section */

/* Begin PBXFileReference section */
		540B33942C4D69EE002F6F7D /* TipCalculator.app */ = {isa = PBXFileReference; explicitFileType = wrapper.application; includeInIndex = 0; path = TipCalculator.app; sourceTree = BUILT_PRODUCTS_DIR; };
		540B33972C4D69EE002F6F7D /* AppDelegate.swift */ = {isa = PBXFileReference; lastKnownFileType = sourcecode.swift; path = AppDelegate.swift; sourceTree = "<group>"; };
		540B33992C4D69EE002F6F7D /* SceneDelegate.swift */ = {isa = PBXFileReference; lastKnownFileType = sourcecode.swift; path = SceneDelegate.swift; sourceTree = "<group>"; };
		540B339B2C4D69EE002F6F7D /* CalculatorVC.swift */ = {isa = PBXFileReference; lastKnownFileType = sourcecode.swift; path = CalculatorVC.swift; sourceTree = "<group>"; };
		540B33A02C4D69EF002F6F7D /* Assets.xcassets */ = {isa = PBXFileReference; lastKnownFileType = folder.assetcatalog; path = Assets.xcassets; sourceTree = "<group>"; };
		540B33A32C4D69EF002F6F7D /* Base */ = {isa = PBXFileReference; lastKnownFileType = file.storyboard; name = Base; path = Base.lproj/LaunchScreen.storyboard; sourceTree = "<group>"; };
		540B33A52C4D69EF002F6F7D /* Info.plist */ = {isa = PBXFileReference; lastKnownFileType = text.plist.xml; path = Info.plist; sourceTree = "<group>"; };
		540B33AA2C4D69EF002F6F7D /* TipCalculatorTests.xctest */ = {isa = PBXFileReference; explicitFileType = wrapper.cfbundle; includeInIndex = 0; path = TipCalculatorTests.xctest; sourceTree = BUILT_PRODUCTS_DIR; };
		540B33AE2C4D69EF002F6F7D /* TipCalculatorTests.swift */ = {isa = PBXFileReference; lastKnownFileType = sourcecode.swift; path = TipCalculatorTests.swift; sourceTree = "<group>"; };
		540B33B42C4D69EF002F6F7D /* TipCalculatorUITests.xctest */ = {isa = PBXFileReference; explicitFileType = wrapper.cfbundle; includeInIndex = 0; path = TipCalculatorUITests.xctest; sourceTree = BUILT_PRODUCTS_DIR; };
		540B33B82C4D69EF002F6F7D /* TipCalculatorUITests.swift */ = {isa = PBXFileReference; lastKnownFileType = sourcecode.swift; path = TipCalculatorUITests.swift; sourceTree = "<group>"; };
		540B33BA2C4D69EF002F6F7D /* TipCalculatorUITestsLaunchTests.swift */ = {isa = PBXFileReference; lastKnownFileType = sourcecode.swift; path = TipCalculatorUITestsLaunchTests.swift; sourceTree = "<group>"; };
		540B33CF2C4D7A98002F6F7D /* LogoView.swift */ = {isa = PBXFileReference; lastKnownFileType = sourcecode.swift; path = LogoView.swift; sourceTree = "<group>"; };
		540B33D12C4D7B6D002F6F7D /* ResultView.swift */ = {isa = PBXFileReference; lastKnownFileType = sourcecode.swift; path = ResultView.swift; sourceTree = "<group>"; };
		540B33D32C4D7B86002F6F7D /* BillInputView.swift */ = {isa = PBXFileReference; lastKnownFileType = sourcecode.swift; path = BillInputView.swift; sourceTree = "<group>"; };
		540B33D52C4D7BAC002F6F7D /* TipInputView.swift */ = {isa = PBXFileReference; lastKnownFileType = sourcecode.swift; path = TipInputView.swift; sourceTree = "<group>"; };
		540B33D72C4D7BC1002F6F7D /* SplitInputView.swift */ = {isa = PBXFileReference; lastKnownFileType = sourcecode.swift; path = SplitInputView.swift; sourceTree = "<group>"; };
		540B33DB2C4E0DB7002F6F7D /* themeColor.swift */ = {isa = PBXFileReference; lastKnownFileType = sourcecode.swift; path = themeColor.swift; sourceTree = "<group>"; };
		540B33DD2C4E0DBF002F6F7D /* ThemeFont.swift */ = {isa = PBXFileReference; lastKnownFileType = sourcecode.swift; path = ThemeFont.swift; sourceTree = "<group>"; };
		540B33E02C4E0DFD002F6F7D /* UIColor+.swift */ = {isa = PBXFileReference; lastKnownFileType = sourcecode.swift; path = "UIColor+.swift"; sourceTree = "<group>"; };
		540B33E32C4E3052002F6F7D /* LabelFactory.swift */ = {isa = PBXFileReference; lastKnownFileType = sourcecode.swift; path = LabelFactory.swift; sourceTree = "<group>"; };
		540B33E52C4E4B3A002F6F7D /* UIView+.swift */ = {isa = PBXFileReference; lastKnownFileType = sourcecode.swift; path = "UIView+.swift"; sourceTree = "<group>"; };
		540B33E72C4E70F5002F6F7D /* AmountView.swift */ = {isa = PBXFileReference; lastKnownFileType = sourcecode.swift; path = AmountView.swift; sourceTree = "<group>"; };
/* End PBXFileReference section */

/* Begin PBXFrameworksBuildPhase section */
		540B33912C4D69EE002F6F7D /* Frameworks */ = {
			isa = PBXFrameworksBuildPhase;
			buildActionMask = 2147483647;
			files = (
				540B33C92C4D705E002F6F7D /* SnapKit in Frameworks */,
			);
			runOnlyForDeploymentPostprocessing = 0;
		};
		540B33A72C4D69EF002F6F7D /* Frameworks */ = {
			isa = PBXFrameworksBuildPhase;
			buildActionMask = 2147483647;
			files = (
				540B33CC2C4D7155002F6F7D /* SnapshotTesting in Frameworks */,
			);
			runOnlyForDeploymentPostprocessing = 0;
		};
		540B33B12C4D69EF002F6F7D /* Frameworks */ = {
			isa = PBXFrameworksBuildPhase;
			buildActionMask = 2147483647;
			files = (
			);
			runOnlyForDeploymentPostprocessing = 0;
		};
/* End PBXFrameworksBuildPhase section */

/* Begin PBXGroup section */
		540B338B2C4D69EE002F6F7D = {
			isa = PBXGroup;
			children = (
				540B33962C4D69EE002F6F7D /* TipCalculator */,
				540B33AD2C4D69EF002F6F7D /* TipCalculatorTests */,
				540B33B72C4D69EF002F6F7D /* TipCalculatorUITests */,
				540B33952C4D69EE002F6F7D /* Products */,
			);
			sourceTree = "<group>";
		};
		540B33952C4D69EE002F6F7D /* Products */ = {
			isa = PBXGroup;
			children = (
				540B33942C4D69EE002F6F7D /* TipCalculator.app */,
				540B33AA2C4D69EF002F6F7D /* TipCalculatorTests.xctest */,
				540B33B42C4D69EF002F6F7D /* TipCalculatorUITests.xctest */,
			);
			name = Products;
			sourceTree = "<group>";
		};
		540B33962C4D69EE002F6F7D /* TipCalculator */ = {
			isa = PBXGroup;
			children = (
				540B33E22C4E303F002F6F7D /* Factory */,
				540B33DF2C4E0DED002F6F7D /* Extensions */,
				540B33DA2C4E0DAB002F6F7D /* Config */,
				540B33D92C4D7C0D002F6F7D /* App */,
				540B33CD2C4D7A7A002F6F7D /* View */,
				540B339B2C4D69EE002F6F7D /* CalculatorVC.swift */,
				540B33A02C4D69EF002F6F7D /* Assets.xcassets */,
				540B33A22C4D69EF002F6F7D /* LaunchScreen.storyboard */,
				540B33A52C4D69EF002F6F7D /* Info.plist */,
			);
			path = TipCalculator;
			sourceTree = "<group>";
		};
		540B33AD2C4D69EF002F6F7D /* TipCalculatorTests */ = {
			isa = PBXGroup;
			children = (
				540B33AE2C4D69EF002F6F7D /* TipCalculatorTests.swift */,
			);
			path = TipCalculatorTests;
			sourceTree = "<group>";
		};
		540B33B72C4D69EF002F6F7D /* TipCalculatorUITests */ = {
			isa = PBXGroup;
			children = (
				540B33B82C4D69EF002F6F7D /* TipCalculatorUITests.swift */,
				540B33BA2C4D69EF002F6F7D /* TipCalculatorUITestsLaunchTests.swift */,
			);
			path = TipCalculatorUITests;
			sourceTree = "<group>";
		};
		540B33CD2C4D7A7A002F6F7D /* View */ = {
			isa = PBXGroup;
			children = (
				540B33CF2C4D7A98002F6F7D /* LogoView.swift */,
				540B33D12C4D7B6D002F6F7D /* ResultView.swift */,
				540B33D32C4D7B86002F6F7D /* BillInputView.swift */,
				540B33D52C4D7BAC002F6F7D /* TipInputView.swift */,
				540B33D72C4D7BC1002F6F7D /* SplitInputView.swift */,
				540B33E72C4E70F5002F6F7D /* AmountView.swift */,
			);
			path = View;
			sourceTree = "<group>";
		};
		540B33D92C4D7C0D002F6F7D /* App */ = {
			isa = PBXGroup;
			children = (
				540B33972C4D69EE002F6F7D /* AppDelegate.swift */,
				540B33992C4D69EE002F6F7D /* SceneDelegate.swift */,
			);
			path = App;
			sourceTree = "<group>";
		};
		540B33DA2C4E0DAB002F6F7D /* Config */ = {
			isa = PBXGroup;
			children = (
				540B33DB2C4E0DB7002F6F7D /* themeColor.swift */,
				540B33DD2C4E0DBF002F6F7D /* ThemeFont.swift */,
			);
			path = Config;
			sourceTree = "<group>";
		};
		540B33DF2C4E0DED002F6F7D /* Extensions */ = {
			isa = PBXGroup;
			children = (
				540B33E02C4E0DFD002F6F7D /* UIColor+.swift */,
				540B33E52C4E4B3A002F6F7D /* UIView+.swift */,
			);
			path = Extensions;
			sourceTree = "<group>";
		};
		540B33E22C4E303F002F6F7D /* Factory */ = {
			isa = PBXGroup;
			children = (
				540B33E32C4E3052002F6F7D /* LabelFactory.swift */,
			);
			path = Factory;
			sourceTree = "<group>";
		};
/* End PBXGroup section */

/* Begin PBXNativeTarget section */
		540B33932C4D69EE002F6F7D /* TipCalculator */ = {
			isa = PBXNativeTarget;
			buildConfigurationList = 540B33BE2C4D69EF002F6F7D /* Build configuration list for PBXNativeTarget "TipCalculator" */;
			buildPhases = (
				540B33902C4D69EE002F6F7D /* Sources */,
				540B33912C4D69EE002F6F7D /* Frameworks */,
				540B33922C4D69EE002F6F7D /* Resources */,
			);
			buildRules = (
			);
			dependencies = (
			);
			name = TipCalculator;
			packageProductDependencies = (
				540B33C82C4D705E002F6F7D /* SnapKit */,
			);
			productName = TipCalculator;
			productReference = 540B33942C4D69EE002F6F7D /* TipCalculator.app */;
			productType = "com.apple.product-type.application";
		};
		540B33A92C4D69EF002F6F7D /* TipCalculatorTests */ = {
			isa = PBXNativeTarget;
			buildConfigurationList = 540B33C12C4D69EF002F6F7D /* Build configuration list for PBXNativeTarget "TipCalculatorTests" */;
			buildPhases = (
				540B33A62C4D69EF002F6F7D /* Sources */,
				540B33A72C4D69EF002F6F7D /* Frameworks */,
				540B33A82C4D69EF002F6F7D /* Resources */,
			);
			buildRules = (
			);
			dependencies = (
				540B33AC2C4D69EF002F6F7D /* PBXTargetDependency */,
			);
			name = TipCalculatorTests;
			packageProductDependencies = (
				540B33CB2C4D7155002F6F7D /* SnapshotTesting */,
			);
			productName = TipCalculatorTests;
			productReference = 540B33AA2C4D69EF002F6F7D /* TipCalculatorTests.xctest */;
			productType = "com.apple.product-type.bundle.unit-test";
		};
		540B33B32C4D69EF002F6F7D /* TipCalculatorUITests */ = {
			isa = PBXNativeTarget;
			buildConfigurationList = 540B33C42C4D69EF002F6F7D /* Build configuration list for PBXNativeTarget "TipCalculatorUITests" */;
			buildPhases = (
				540B33B02C4D69EF002F6F7D /* Sources */,
				540B33B12C4D69EF002F6F7D /* Frameworks */,
				540B33B22C4D69EF002F6F7D /* Resources */,
			);
			buildRules = (
			);
			dependencies = (
				540B33B62C4D69EF002F6F7D /* PBXTargetDependency */,
			);
			name = TipCalculatorUITests;
			productName = TipCalculatorUITests;
			productReference = 540B33B42C4D69EF002F6F7D /* TipCalculatorUITests.xctest */;
			productType = "com.apple.product-type.bundle.ui-testing";
		};
/* End PBXNativeTarget section */

/* Begin PBXProject section */
		540B338C2C4D69EE002F6F7D /* Project object */ = {
			isa = PBXProject;
			attributes = {
				BuildIndependentTargetsInParallel = 1;
				LastSwiftUpdateCheck = 1520;
				LastUpgradeCheck = 1520;
				TargetAttributes = {
					540B33932C4D69EE002F6F7D = {
						CreatedOnToolsVersion = 15.2;
					};
					540B33A92C4D69EF002F6F7D = {
						CreatedOnToolsVersion = 15.2;
						TestTargetID = 540B33932C4D69EE002F6F7D;
					};
					540B33B32C4D69EF002F6F7D = {
						CreatedOnToolsVersion = 15.2;
						TestTargetID = 540B33932C4D69EE002F6F7D;
					};
				};
			};
			buildConfigurationList = 540B338F2C4D69EE002F6F7D /* Build configuration list for PBXProject "TipCalculator" */;
			compatibilityVersion = "Xcode 14.0";
			developmentRegion = en;
			hasScannedForEncodings = 0;
			knownRegions = (
				en,
				Base,
			);
			mainGroup = 540B338B2C4D69EE002F6F7D;
			packageReferences = (
				540B33C72C4D705E002F6F7D /* XCRemoteSwiftPackageReference "SnapKit" */,
				540B33CA2C4D7155002F6F7D /* XCRemoteSwiftPackageReference "swift-snapshot-testing" */,
			);
			productRefGroup = 540B33952C4D69EE002F6F7D /* Products */;
			projectDirPath = "";
			projectRoot = "";
			targets = (
				540B33932C4D69EE002F6F7D /* TipCalculator */,
				540B33A92C4D69EF002F6F7D /* TipCalculatorTests */,
				540B33B32C4D69EF002F6F7D /* TipCalculatorUITests */,
			);
		};
/* End PBXProject section */

/* Begin PBXResourcesBuildPhase section */
		540B33922C4D69EE002F6F7D /* Resources */ = {
			isa = PBXResourcesBuildPhase;
			buildActionMask = 2147483647;
			files = (
				540B33A42C4D69EF002F6F7D /* LaunchScreen.storyboard in Resources */,
				540B33A12C4D69EF002F6F7D /* Assets.xcassets in Resources */,
			);
			runOnlyForDeploymentPostprocessing = 0;
		};
		540B33A82C4D69EF002F6F7D /* Resources */ = {
			isa = PBXResourcesBuildPhase;
			buildActionMask = 2147483647;
			files = (
			);
			runOnlyForDeploymentPostprocessing = 0;
		};
		540B33B22C4D69EF002F6F7D /* Resources */ = {
			isa = PBXResourcesBuildPhase;
			buildActionMask = 2147483647;
			files = (
			);
			runOnlyForDeploymentPostprocessing = 0;
		};
/* End PBXResourcesBuildPhase section */

/* Begin PBXSourcesBuildPhase section */
		540B33902C4D69EE002F6F7D /* Sources */ = {
			isa = PBXSourcesBuildPhase;
			buildActionMask = 2147483647;
			files = (
				540B33E82C4E70F5002F6F7D /* AmountView.swift in Sources */,
				540B339C2C4D69EE002F6F7D /* CalculatorVC.swift in Sources */,
				540B33D02C4D7A98002F6F7D /* LogoView.swift in Sources */,
				540B33D42C4D7B86002F6F7D /* BillInputView.swift in Sources */,
				540B33D22C4D7B6D002F6F7D /* ResultView.swift in Sources */,
				540B33E12C4E0DFD002F6F7D /* UIColor+.swift in Sources */,
				540B33982C4D69EE002F6F7D /* AppDelegate.swift in Sources */,
				540B339A2C4D69EE002F6F7D /* SceneDelegate.swift in Sources */,
				540B33E42C4E3052002F6F7D /* LabelFactory.swift in Sources */,
				540B33DE2C4E0DBF002F6F7D /* ThemeFont.swift in Sources */,
				540B33DC2C4E0DB7002F6F7D /* themeColor.swift in Sources */,
				540B33E62C4E4B3A002F6F7D /* UIView+.swift in Sources */,
				540B33D82C4D7BC1002F6F7D /* SplitInputView.swift in Sources */,
				540B33D62C4D7BAC002F6F7D /* TipInputView.swift in Sources */,
			);
			runOnlyForDeploymentPostprocessing = 0;
		};
		540B33A62C4D69EF002F6F7D /* Sources */ = {
			isa = PBXSourcesBuildPhase;
			buildActionMask = 2147483647;
			files = (
				540B33AF2C4D69EF002F6F7D /* TipCalculatorTests.swift in Sources */,
			);
			runOnlyForDeploymentPostprocessing = 0;
		};
		540B33B02C4D69EF002F6F7D /* Sources */ = {
			isa = PBXSourcesBuildPhase;
			buildActionMask = 2147483647;
			files = (
				540B33BB2C4D69EF002F6F7D /* TipCalculatorUITestsLaunchTests.swift in Sources */,
				540B33B92C4D69EF002F6F7D /* TipCalculatorUITests.swift in Sources */,
			);
			runOnlyForDeploymentPostprocessing = 0;
		};
/* End PBXSourcesBuildPhase section */

/* Begin PBXTargetDependency section */
		540B33AC2C4D69EF002F6F7D /* PBXTargetDependency */ = {
			isa = PBXTargetDependency;
			target = 540B33932C4D69EE002F6F7D /* TipCalculator */;
			targetProxy = 540B33AB2C4D69EF002F6F7D /* PBXContainerItemProxy */;
		};
		540B33B62C4D69EF002F6F7D /* PBXTargetDependency */ = {
			isa = PBXTargetDependency;
			target = 540B33932C4D69EE002F6F7D /* TipCalculator */;
			targetProxy = 540B33B52C4D69EF002F6F7D /* PBXContainerItemProxy */;
		};
/* End PBXTargetDependency section */

/* Begin PBXVariantGroup section */
		540B33A22C4D69EF002F6F7D /* LaunchScreen.storyboard */ = {
			isa = PBXVariantGroup;
			children = (
				540B33A32C4D69EF002F6F7D /* Base */,
			);
			name = LaunchScreen.storyboard;
			sourceTree = "<group>";
		};
/* End PBXVariantGroup section */

/* Begin XCBuildConfiguration section */
		540B33BC2C4D69EF002F6F7D /* Debug */ = {
			isa = XCBuildConfiguration;
			buildSettings = {
				ALWAYS_SEARCH_USER_PATHS = NO;
				ASSETCATALOG_COMPILER_GENERATE_SWIFT_ASSET_SYMBOL_EXTENSIONS = YES;
				CLANG_ANALYZER_NONNULL = YES;
				CLANG_ANALYZER_NUMBER_OBJECT_CONVERSION = YES_AGGRESSIVE;
				CLANG_CXX_LANGUAGE_STANDARD = "gnu++20";
				CLANG_ENABLE_MODULES = YES;
				CLANG_ENABLE_OBJC_ARC = YES;
				CLANG_ENABLE_OBJC_WEAK = YES;
				CLANG_WARN_BLOCK_CAPTURE_AUTORELEASING = YES;
				CLANG_WARN_BOOL_CONVERSION = YES;
				CLANG_WARN_COMMA = YES;
				CLANG_WARN_CONSTANT_CONVERSION = YES;
				CLANG_WARN_DEPRECATED_OBJC_IMPLEMENTATIONS = YES;
				CLANG_WARN_DIRECT_OBJC_ISA_USAGE = YES_ERROR;
				CLANG_WARN_DOCUMENTATION_COMMENTS = YES;
				CLANG_WARN_EMPTY_BODY = YES;
				CLANG_WARN_ENUM_CONVERSION = YES;
				CLANG_WARN_INFINITE_RECURSION = YES;
				CLANG_WARN_INT_CONVERSION = YES;
				CLANG_WARN_NON_LITERAL_NULL_CONVERSION = YES;
				CLANG_WARN_OBJC_IMPLICIT_RETAIN_SELF = YES;
				CLANG_WARN_OBJC_LITERAL_CONVERSION = YES;
				CLANG_WARN_OBJC_ROOT_CLASS = YES_ERROR;
				CLANG_WARN_QUOTED_INCLUDE_IN_FRAMEWORK_HEADER = YES;
				CLANG_WARN_RANGE_LOOP_ANALYSIS = YES;
				CLANG_WARN_STRICT_PROTOTYPES = YES;
				CLANG_WARN_SUSPICIOUS_MOVE = YES;
				CLANG_WARN_UNGUARDED_AVAILABILITY = YES_AGGRESSIVE;
				CLANG_WARN_UNREACHABLE_CODE = YES;
				CLANG_WARN__DUPLICATE_METHOD_MATCH = YES;
				COPY_PHASE_STRIP = NO;
				DEBUG_INFORMATION_FORMAT = dwarf;
				ENABLE_STRICT_OBJC_MSGSEND = YES;
				ENABLE_TESTABILITY = YES;
				ENABLE_USER_SCRIPT_SANDBOXING = YES;
				GCC_C_LANGUAGE_STANDARD = gnu17;
				GCC_DYNAMIC_NO_PIC = NO;
				GCC_NO_COMMON_BLOCKS = YES;
				GCC_OPTIMIZATION_LEVEL = 0;
				GCC_PREPROCESSOR_DEFINITIONS = (
					"DEBUG=1",
					"$(inherited)",
				);
				GCC_WARN_64_TO_32_BIT_CONVERSION = YES;
				GCC_WARN_ABOUT_RETURN_TYPE = YES_ERROR;
				GCC_WARN_UNDECLARED_SELECTOR = YES;
				GCC_WARN_UNINITIALIZED_AUTOS = YES_AGGRESSIVE;
				GCC_WARN_UNUSED_FUNCTION = YES;
				GCC_WARN_UNUSED_VARIABLE = YES;
				IPHONEOS_DEPLOYMENT_TARGET = 17.2;
				LOCALIZATION_PREFERS_STRING_CATALOGS = YES;
				MTL_ENABLE_DEBUG_INFO = INCLUDE_SOURCE;
				MTL_FAST_MATH = YES;
				ONLY_ACTIVE_ARCH = YES;
				SDKROOT = iphoneos;
				SWIFT_ACTIVE_COMPILATION_CONDITIONS = "DEBUG $(inherited)";
				SWIFT_OPTIMIZATION_LEVEL = "-Onone";
			};
			name = Debug;
		};
		540B33BD2C4D69EF002F6F7D /* Release */ = {
			isa = XCBuildConfiguration;
			buildSettings = {
				ALWAYS_SEARCH_USER_PATHS = NO;
				ASSETCATALOG_COMPILER_GENERATE_SWIFT_ASSET_SYMBOL_EXTENSIONS = YES;
				CLANG_ANALYZER_NONNULL = YES;
				CLANG_ANALYZER_NUMBER_OBJECT_CONVERSION = YES_AGGRESSIVE;
				CLANG_CXX_LANGUAGE_STANDARD = "gnu++20";
				CLANG_ENABLE_MODULES = YES;
				CLANG_ENABLE_OBJC_ARC = YES;
				CLANG_ENABLE_OBJC_WEAK = YES;
				CLANG_WARN_BLOCK_CAPTURE_AUTORELEASING = YES;
				CLANG_WARN_BOOL_CONVERSION = YES;
				CLANG_WARN_COMMA = YES;
				CLANG_WARN_CONSTANT_CONVERSION = YES;
				CLANG_WARN_DEPRECATED_OBJC_IMPLEMENTATIONS = YES;
				CLANG_WARN_DIRECT_OBJC_ISA_USAGE = YES_ERROR;
				CLANG_WARN_DOCUMENTATION_COMMENTS = YES;
				CLANG_WARN_EMPTY_BODY = YES;
				CLANG_WARN_ENUM_CONVERSION = YES;
				CLANG_WARN_INFINITE_RECURSION = YES;
				CLANG_WARN_INT_CONVERSION = YES;
				CLANG_WARN_NON_LITERAL_NULL_CONVERSION = YES;
				CLANG_WARN_OBJC_IMPLICIT_RETAIN_SELF = YES;
				CLANG_WARN_OBJC_LITERAL_CONVERSION = YES;
				CLANG_WARN_OBJC_ROOT_CLASS = YES_ERROR;
				CLANG_WARN_QUOTED_INCLUDE_IN_FRAMEWORK_HEADER = YES;
				CLANG_WARN_RANGE_LOOP_ANALYSIS = YES;
				CLANG_WARN_STRICT_PROTOTYPES = YES;
				CLANG_WARN_SUSPICIOUS_MOVE = YES;
				CLANG_WARN_UNGUARDED_AVAILABILITY = YES_AGGRESSIVE;
				CLANG_WARN_UNREACHABLE_CODE = YES;
				CLANG_WARN__DUPLICATE_METHOD_MATCH = YES;
				COPY_PHASE_STRIP = NO;
				DEBUG_INFORMATION_FORMAT = "dwarf-with-dsym";
				ENABLE_NS_ASSERTIONS = NO;
				ENABLE_STRICT_OBJC_MSGSEND = YES;
				ENABLE_USER_SCRIPT_SANDBOXING = YES;
				GCC_C_LANGUAGE_STANDARD = gnu17;
				GCC_NO_COMMON_BLOCKS = YES;
				GCC_WARN_64_TO_32_BIT_CONVERSION = YES;
				GCC_WARN_ABOUT_RETURN_TYPE = YES_ERROR;
				GCC_WARN_UNDECLARED_SELECTOR = YES;
				GCC_WARN_UNINITIALIZED_AUTOS = YES_AGGRESSIVE;
				GCC_WARN_UNUSED_FUNCTION = YES;
				GCC_WARN_UNUSED_VARIABLE = YES;
				IPHONEOS_DEPLOYMENT_TARGET = 17.2;
				LOCALIZATION_PREFERS_STRING_CATALOGS = YES;
				MTL_ENABLE_DEBUG_INFO = NO;
				MTL_FAST_MATH = YES;
				SDKROOT = iphoneos;
				SWIFT_COMPILATION_MODE = wholemodule;
				VALIDATE_PRODUCT = YES;
			};
			name = Release;
		};
		540B33BF2C4D69EF002F6F7D /* Debug */ = {
			isa = XCBuildConfiguration;
			buildSettings = {
				ASSETCATALOG_COMPILER_APPICON_NAME = AppIcon;
				ASSETCATALOG_COMPILER_GLOBAL_ACCENT_COLOR_NAME = AccentColor;
				CODE_SIGN_STYLE = Automatic;
				CURRENT_PROJECT_VERSION = 1;
				DEVELOPMENT_TEAM = 7G8HP2JBMK;
				GENERATE_INFOPLIST_FILE = YES;
				INFOPLIST_FILE = TipCalculator/Info.plist;
				INFOPLIST_KEY_UIApplicationSupportsIndirectInputEvents = YES;
				INFOPLIST_KEY_UILaunchStoryboardName = LaunchScreen;
				INFOPLIST_KEY_UISupportedInterfaceOrientations_iPad = "UIInterfaceOrientationPortrait UIInterfaceOrientationPortraitUpsideDown UIInterfaceOrientationLandscapeLeft UIInterfaceOrientationLandscapeRight";
				INFOPLIST_KEY_UISupportedInterfaceOrientations_iPhone = "UIInterfaceOrientationPortrait UIInterfaceOrientationLandscapeLeft UIInterfaceOrientationLandscapeRight";
				IPHONEOS_DEPLOYMENT_TARGET = 16.0;
				LD_RUNPATH_SEARCH_PATHS = (
					"$(inherited)",
					"@executable_path/Frameworks",
				);
				MARKETING_VERSION = 1.0;
				PRODUCT_BUNDLE_IDENTIFIER = KSH.TipCalculator;
				PRODUCT_NAME = "$(TARGET_NAME)";
				SUPPORTED_PLATFORMS = "iphoneos iphonesimulator";
				SUPPORTS_MACCATALYST = NO;
				SUPPORTS_MAC_DESIGNED_FOR_IPHONE_IPAD = NO;
				SUPPORTS_XR_DESIGNED_FOR_IPHONE_IPAD = NO;
				SWIFT_EMIT_LOC_STRINGS = YES;
				SWIFT_VERSION = 5.0;
				TARGETED_DEVICE_FAMILY = "1,2";
			};
			name = Debug;
		};
		540B33C02C4D69EF002F6F7D /* Release */ = {
			isa = XCBuildConfiguration;
			buildSettings = {
				ASSETCATALOG_COMPILER_APPICON_NAME = AppIcon;
				ASSETCATALOG_COMPILER_GLOBAL_ACCENT_COLOR_NAME = AccentColor;
				CODE_SIGN_STYLE = Automatic;
				CURRENT_PROJECT_VERSION = 1;
				DEVELOPMENT_TEAM = 7G8HP2JBMK;
				GENERATE_INFOPLIST_FILE = YES;
				INFOPLIST_FILE = TipCalculator/Info.plist;
				INFOPLIST_KEY_UIApplicationSupportsIndirectInputEvents = YES;
				INFOPLIST_KEY_UILaunchStoryboardName = LaunchScreen;
				INFOPLIST_KEY_UISupportedInterfaceOrientations_iPad = "UIInterfaceOrientationPortrait UIInterfaceOrientationPortraitUpsideDown UIInterfaceOrientationLandscapeLeft UIInterfaceOrientationLandscapeRight";
				INFOPLIST_KEY_UISupportedInterfaceOrientations_iPhone = "UIInterfaceOrientationPortrait UIInterfaceOrientationLandscapeLeft UIInterfaceOrientationLandscapeRight";
				IPHONEOS_DEPLOYMENT_TARGET = 16.0;
				LD_RUNPATH_SEARCH_PATHS = (
					"$(inherited)",
					"@executable_path/Frameworks",
				);
				MARKETING_VERSION = 1.0;
				PRODUCT_BUNDLE_IDENTIFIER = KSH.TipCalculator;
				PRODUCT_NAME = "$(TARGET_NAME)";
				SUPPORTED_PLATFORMS = "iphoneos iphonesimulator";
				SUPPORTS_MACCATALYST = NO;
				SUPPORTS_MAC_DESIGNED_FOR_IPHONE_IPAD = NO;
				SUPPORTS_XR_DESIGNED_FOR_IPHONE_IPAD = NO;
				SWIFT_EMIT_LOC_STRINGS = YES;
				SWIFT_VERSION = 5.0;
				TARGETED_DEVICE_FAMILY = "1,2";
			};
			name = Release;
		};
		540B33C22C4D69EF002F6F7D /* Debug */ = {
			isa = XCBuildConfiguration;
			buildSettings = {
				ALWAYS_EMBED_SWIFT_STANDARD_LIBRARIES = YES;
				BUNDLE_LOADER = "$(TEST_HOST)";
				CODE_SIGN_STYLE = Automatic;
				CURRENT_PROJECT_VERSION = 1;
				DEVELOPMENT_TEAM = 7G8HP2JBMK;
				GENERATE_INFOPLIST_FILE = YES;
				IPHONEOS_DEPLOYMENT_TARGET = 16.0;
				MARKETING_VERSION = 1.0;
				PRODUCT_BUNDLE_IDENTIFIER = KSH.TipCalculatorTests;
				PRODUCT_NAME = "$(TARGET_NAME)";
				SUPPORTED_PLATFORMS = "iphoneos iphonesimulator";
				SUPPORTS_MACCATALYST = NO;
				SUPPORTS_MAC_DESIGNED_FOR_IPHONE_IPAD = NO;
				SUPPORTS_XR_DESIGNED_FOR_IPHONE_IPAD = NO;
				SWIFT_EMIT_LOC_STRINGS = NO;
				SWIFT_VERSION = 5.0;
				TARGETED_DEVICE_FAMILY = "1,2";
				TEST_HOST = "$(BUILT_PRODUCTS_DIR)/TipCalculator.app/$(BUNDLE_EXECUTABLE_FOLDER_PATH)/TipCalculator";
			};
			name = Debug;
		};
		540B33C32C4D69EF002F6F7D /* Release */ = {
			isa = XCBuildConfiguration;
			buildSettings = {
				ALWAYS_EMBED_SWIFT_STANDARD_LIBRARIES = YES;
				BUNDLE_LOADER = "$(TEST_HOST)";
				CODE_SIGN_STYLE = Automatic;
				CURRENT_PROJECT_VERSION = 1;
				DEVELOPMENT_TEAM = 7G8HP2JBMK;
				GENERATE_INFOPLIST_FILE = YES;
				IPHONEOS_DEPLOYMENT_TARGET = 16.0;
				MARKETING_VERSION = 1.0;
				PRODUCT_BUNDLE_IDENTIFIER = KSH.TipCalculatorTests;
				PRODUCT_NAME = "$(TARGET_NAME)";
				SUPPORTED_PLATFORMS = "iphoneos iphonesimulator";
				SUPPORTS_MACCATALYST = NO;
				SUPPORTS_MAC_DESIGNED_FOR_IPHONE_IPAD = NO;
				SUPPORTS_XR_DESIGNED_FOR_IPHONE_IPAD = NO;
				SWIFT_EMIT_LOC_STRINGS = NO;
				SWIFT_VERSION = 5.0;
				TARGETED_DEVICE_FAMILY = "1,2";
				TEST_HOST = "$(BUILT_PRODUCTS_DIR)/TipCalculator.app/$(BUNDLE_EXECUTABLE_FOLDER_PATH)/TipCalculator";
			};
			name = Release;
		};
		540B33C52C4D69EF002F6F7D /* Debug */ = {
			isa = XCBuildConfiguration;
			buildSettings = {
				ALWAYS_EMBED_SWIFT_STANDARD_LIBRARIES = YES;
				CODE_SIGN_STYLE = Automatic;
				CURRENT_PROJECT_VERSION = 1;
				DEVELOPMENT_TEAM = 7G8HP2JBMK;
				GENERATE_INFOPLIST_FILE = YES;
				IPHONEOS_DEPLOYMENT_TARGET = 16.0;
				MARKETING_VERSION = 1.0;
				PRODUCT_BUNDLE_IDENTIFIER = KSH.TipCalculatorUITests;
				PRODUCT_NAME = "$(TARGET_NAME)";
				SWIFT_EMIT_LOC_STRINGS = NO;
				SWIFT_VERSION = 5.0;
				TARGETED_DEVICE_FAMILY = "1,2";
				TEST_TARGET_NAME = TipCalculator;
			};
			name = Debug;
		};
		540B33C62C4D69EF002F6F7D /* Release */ = {
			isa = XCBuildConfiguration;
			buildSettings = {
				ALWAYS_EMBED_SWIFT_STANDARD_LIBRARIES = YES;
				CODE_SIGN_STYLE = Automatic;
				CURRENT_PROJECT_VERSION = 1;
				DEVELOPMENT_TEAM = 7G8HP2JBMK;
				GENERATE_INFOPLIST_FILE = YES;
				IPHONEOS_DEPLOYMENT_TARGET = 16.0;
				MARKETING_VERSION = 1.0;
				PRODUCT_BUNDLE_IDENTIFIER = KSH.TipCalculatorUITests;
				PRODUCT_NAME = "$(TARGET_NAME)";
				SWIFT_EMIT_LOC_STRINGS = NO;
				SWIFT_VERSION = 5.0;
				TARGETED_DEVICE_FAMILY = "1,2";
				TEST_TARGET_NAME = TipCalculator;
			};
			name = Release;
		};
/* End XCBuildConfiguration section */

/* Begin XCConfigurationList section */
		540B338F2C4D69EE002F6F7D /* Build configuration list for PBXProject "TipCalculator" */ = {
			isa = XCConfigurationList;
			buildConfigurations = (
				540B33BC2C4D69EF002F6F7D /* Debug */,
				540B33BD2C4D69EF002F6F7D /* Release */,
			);
			defaultConfigurationIsVisible = 0;
			defaultConfigurationName = Release;
		};
		540B33BE2C4D69EF002F6F7D /* Build configuration list for PBXNativeTarget "TipCalculator" */ = {
			isa = XCConfigurationList;
			buildConfigurations = (
				540B33BF2C4D69EF002F6F7D /* Debug */,
				540B33C02C4D69EF002F6F7D /* Release */,
			);
			defaultConfigurationIsVisible = 0;
			defaultConfigurationName = Release;
		};
		540B33C12C4D69EF002F6F7D /* Build configuration list for PBXNativeTarget "TipCalculatorTests" */ = {
			isa = XCConfigurationList;
			buildConfigurations = (
				540B33C22C4D69EF002F6F7D /* Debug */,
				540B33C32C4D69EF002F6F7D /* Release */,
			);
			defaultConfigurationIsVisible = 0;
			defaultConfigurationName = Release;
		};
		540B33C42C4D69EF002F6F7D /* Build configuration list for PBXNativeTarget "TipCalculatorUITests" */ = {
			isa = XCConfigurationList;
			buildConfigurations = (
				540B33C52C4D69EF002F6F7D /* Debug */,
				540B33C62C4D69EF002F6F7D /* Release */,
			);
			defaultConfigurationIsVisible = 0;
			defaultConfigurationName = Release;
		};
/* End XCConfigurationList section */

/* Begin XCRemoteSwiftPackageReference section */
		540B33C72C4D705E002F6F7D /* XCRemoteSwiftPackageReference "SnapKit" */ = {
			isa = XCRemoteSwiftPackageReference;
			repositoryURL = "https://github.com/SnapKit/SnapKit";
			requirement = {
				kind = upToNextMajorVersion;
				minimumVersion = 5.7.1;
			};
		};
		540B33CA2C4D7155002F6F7D /* XCRemoteSwiftPackageReference "swift-snapshot-testing" */ = {
			isa = XCRemoteSwiftPackageReference;
			repositoryURL = "https://github.com/pointfreeco/swift-snapshot-testing";
			requirement = {
				kind = upToNextMajorVersion;
				minimumVersion = 1.17.2;
			};
		};
/* End XCRemoteSwiftPackageReference section */

/* Begin XCSwiftPackageProductDependency section */
		540B33C82C4D705E002F6F7D /* SnapKit */ = {
			isa = XCSwiftPackageProductDependency;
			package = 540B33C72C4D705E002F6F7D /* XCRemoteSwiftPackageReference "SnapKit" */;
			productName = SnapKit;
		};
		540B33CB2C4D7155002F6F7D /* SnapshotTesting */ = {
			isa = XCSwiftPackageProductDependency;
			package = 540B33CA2C4D7155002F6F7D /* XCRemoteSwiftPackageReference "swift-snapshot-testing" */;
			productName = SnapshotTesting;
		};
/* End XCSwiftPackageProductDependency section */
	};
	rootObject = 540B338C2C4D69EE002F6F7D /* Project object */;
}
